// !$*UTF8*$!
{
	archiveVersion = 1;
	classes = {
	};
	objectVersion = 50;
	objects = {

/* Begin PBXBuildFile section */
		6FAC00552618E58200BC6745 /* AppleWatchSyncAnimation WatchKit App.app in Embed Watch Content */ = {isa = PBXBuildFile; fileRef = 6FAC00542618E58200BC6745 /* AppleWatchSyncAnimation WatchKit App.app */; settings = {ATTRIBUTES = (RemoveHeadersOnCopy, ); }; };
		6FAC005A2618E58300BC6745 /* Assets.xcassets in Resources */ = {isa = PBXBuildFile; fileRef = 6FAC00592618E58300BC6745 /* Assets.xcassets */; };
		6FAC00612618E58300BC6745 /* AppleWatchSyncAnimation WatchKit Extension.appex in Embed App Extensions */ = {isa = PBXBuildFile; fileRef = 6FAC00602618E58300BC6745 /* AppleWatchSyncAnimation WatchKit Extension.appex */; settings = {ATTRIBUTES = (RemoveHeadersOnCopy, ); }; };
		6FAC00662618E58300BC6745 /* ContentView.swift in Sources */ = {isa = PBXBuildFile; fileRef = 6FAC00652618E58300BC6745 /* ContentView.swift */; };
		6FAC00682618E58300BC6745 /* AppleWatchSyncAnimationApp.swift in Sources */ = {isa = PBXBuildFile; fileRef = 6FAC00672618E58300BC6745 /* AppleWatchSyncAnimationApp.swift */; };
		6FAC006A2618E58300BC6745 /* ComplicationController.swift in Sources */ = {isa = PBXBuildFile; fileRef = 6FAC00692618E58300BC6745 /* ComplicationController.swift */; };
		6FAC006C2618E58300BC6745 /* Assets.xcassets in Resources */ = {isa = PBXBuildFile; fileRef = 6FAC006B2618E58300BC6745 /* Assets.xcassets */; };
		6FAC006F2618E58300BC6745 /* Preview Assets.xcassets in Resources */ = {isa = PBXBuildFile; fileRef = 6FAC006E2618E58300BC6745 /* Preview Assets.xcassets */; };
		6FAC00822618E59E00BC6745 /* SyncProgressView.swift in Sources */ = {isa = PBXBuildFile; fileRef = 6FAC00812618E59E00BC6745 /* SyncProgressView.swift */; };
/* End PBXBuildFile section */

/* Begin PBXContainerItemProxy section */
		6FAC00562618E58200BC6745 /* PBXContainerItemProxy */ = {
			isa = PBXContainerItemProxy;
			containerPortal = 6FAC004A2618E58200BC6745 /* Project object */;
			proxyType = 1;
			remoteGlobalIDString = 6FAC00532618E58200BC6745;
			remoteInfo = "AppleWatchSyncAnimation WatchKit App";
		};
		6FAC00622618E58300BC6745 /* PBXContainerItemProxy */ = {
			isa = PBXContainerItemProxy;
			containerPortal = 6FAC004A2618E58200BC6745 /* Project object */;
			proxyType = 1;
			remoteGlobalIDString = 6FAC005F2618E58300BC6745;
			remoteInfo = "AppleWatchSyncAnimation WatchKit Extension";
		};
/* End PBXContainerItemProxy section */

/* Begin PBXCopyFilesBuildPhase section */
		6FAC00762618E58300BC6745 /* Embed App Extensions */ = {
			isa = PBXCopyFilesBuildPhase;
			buildActionMask = 2147483647;
			dstPath = "";
			dstSubfolderSpec = 13;
			files = (
				6FAC00612618E58300BC6745 /* AppleWatchSyncAnimation WatchKit Extension.appex in Embed App Extensions */,
			);
			name = "Embed App Extensions";
			runOnlyForDeploymentPostprocessing = 0;
		};
		6FAC007A2618E58300BC6745 /* Embed Watch Content */ = {
			isa = PBXCopyFilesBuildPhase;
			buildActionMask = 2147483647;
			dstPath = "$(CONTENTS_FOLDER_PATH)/Watch";
			dstSubfolderSpec = 16;
			files = (
				6FAC00552618E58200BC6745 /* AppleWatchSyncAnimation WatchKit App.app in Embed Watch Content */,
			);
			name = "Embed Watch Content";
			runOnlyForDeploymentPostprocessing = 0;
		};
/* End PBXCopyFilesBuildPhase section */

/* Begin PBXFileReference section */
		6FAC00502618E58200BC6745 /* AppleWatchSyncAnimation.app */ = {isa = PBXFileReference; explicitFileType = wrapper.application; includeInIndex = 0; path = AppleWatchSyncAnimation.app; sourceTree = BUILT_PRODUCTS_DIR; };
		6FAC00542618E58200BC6745 /* AppleWatchSyncAnimation WatchKit App.app */ = {isa = PBXFileReference; explicitFileType = wrapper.application; includeInIndex = 0; path = "AppleWatchSyncAnimation WatchKit App.app"; sourceTree = BUILT_PRODUCTS_DIR; };
		6FAC00592618E58300BC6745 /* Assets.xcassets */ = {isa = PBXFileReference; lastKnownFileType = folder.assetcatalog; path = Assets.xcassets; sourceTree = "<group>"; };
		6FAC005B2618E58300BC6745 /* Info.plist */ = {isa = PBXFileReference; lastKnownFileType = text.plist.xml; path = Info.plist; sourceTree = "<group>"; };
		6FAC00602618E58300BC6745 /* AppleWatchSyncAnimation WatchKit Extension.appex */ = {isa = PBXFileReference; explicitFileType = "wrapper.app-extension"; includeInIndex = 0; path = "AppleWatchSyncAnimation WatchKit Extension.appex"; sourceTree = BUILT_PRODUCTS_DIR; };
		6FAC00652618E58300BC6745 /* ContentView.swift */ = {isa = PBXFileReference; lastKnownFileType = sourcecode.swift; path = ContentView.swift; sourceTree = "<group>"; };
		6FAC00672618E58300BC6745 /* AppleWatchSyncAnimationApp.swift */ = {isa = PBXFileReference; lastKnownFileType = sourcecode.swift; path = AppleWatchSyncAnimationApp.swift; sourceTree = "<group>"; };
		6FAC00692618E58300BC6745 /* ComplicationController.swift */ = {isa = PBXFileReference; lastKnownFileType = sourcecode.swift; path = ComplicationController.swift; sourceTree = "<group>"; };
		6FAC006B2618E58300BC6745 /* Assets.xcassets */ = {isa = PBXFileReference; lastKnownFileType = folder.assetcatalog; path = Assets.xcassets; sourceTree = "<group>"; };
		6FAC006E2618E58300BC6745 /* Preview Assets.xcassets */ = {isa = PBXFileReference; lastKnownFileType = folder.assetcatalog; path = "Preview Assets.xcassets"; sourceTree = "<group>"; };
		6FAC00702618E58300BC6745 /* Info.plist */ = {isa = PBXFileReference; lastKnownFileType = text.plist.xml; path = Info.plist; sourceTree = "<group>"; };
		6FAC00812618E59E00BC6745 /* SyncProgressView.swift */ = {isa = PBXFileReference; lastKnownFileType = sourcecode.swift; path = SyncProgressView.swift; sourceTree = "<group>"; };
/* End PBXFileReference section */

/* Begin PBXFrameworksBuildPhase section */
		6FAC005D2618E58300BC6745 /* Frameworks */ = {
			isa = PBXFrameworksBuildPhase;
			buildActionMask = 2147483647;
			files = (
			);
			runOnlyForDeploymentPostprocessing = 0;
		};
/* End PBXFrameworksBuildPhase section */

/* Begin PBXGroup section */
		6FAC00492618E58200BC6745 = {
			isa = PBXGroup;
			children = (
				6FAC00582618E58200BC6745 /* AppleWatchSyncAnimation WatchKit App */,
				6FAC00642618E58300BC6745 /* AppleWatchSyncAnimation WatchKit Extension */,
				6FAC00512618E58200BC6745 /* Products */,
			);
			sourceTree = "<group>";
		};
		6FAC00512618E58200BC6745 /* Products */ = {
			isa = PBXGroup;
			children = (
				6FAC00502618E58200BC6745 /* AppleWatchSyncAnimation.app */,
				6FAC00542618E58200BC6745 /* AppleWatchSyncAnimation WatchKit App.app */,
				6FAC00602618E58300BC6745 /* AppleWatchSyncAnimation WatchKit Extension.appex */,
			);
			name = Products;
			sourceTree = "<group>";
		};
		6FAC00582618E58200BC6745 /* AppleWatchSyncAnimation WatchKit App */ = {
			isa = PBXGroup;
			children = (
				6FAC00592618E58300BC6745 /* Assets.xcassets */,
				6FAC005B2618E58300BC6745 /* Info.plist */,
			);
			path = "AppleWatchSyncAnimation WatchKit App";
			sourceTree = "<group>";
		};
		6FAC00642618E58300BC6745 /* AppleWatchSyncAnimation WatchKit Extension */ = {
			isa = PBXGroup;
			children = (
				6FAC00652618E58300BC6745 /* ContentView.swift */,
				6FAC00812618E59E00BC6745 /* SyncProgressView.swift */,
				6FAC00672618E58300BC6745 /* AppleWatchSyncAnimationApp.swift */,
				6FAC00692618E58300BC6745 /* ComplicationController.swift */,
				6FAC006B2618E58300BC6745 /* Assets.xcassets */,
				6FAC00702618E58300BC6745 /* Info.plist */,
				6FAC006D2618E58300BC6745 /* Preview Content */,
			);
			path = "AppleWatchSyncAnimation WatchKit Extension";
			sourceTree = "<group>";
		};
		6FAC006D2618E58300BC6745 /* Preview Content */ = {
			isa = PBXGroup;
			children = (
				6FAC006E2618E58300BC6745 /* Preview Assets.xcassets */,
			);
			path = "Preview Content";
			sourceTree = "<group>";
		};
/* End PBXGroup section */

/* Begin PBXNativeTarget section */
		6FAC004F2618E58200BC6745 /* AppleWatchSyncAnimation */ = {
			isa = PBXNativeTarget;
			buildConfigurationList = 6FAC007B2618E58300BC6745 /* Build configuration list for PBXNativeTarget "AppleWatchSyncAnimation" */;
			buildPhases = (
				6FAC004E2618E58200BC6745 /* Resources */,
				6FAC007A2618E58300BC6745 /* Embed Watch Content */,
			);
			buildRules = (
			);
			dependencies = (
				6FAC00572618E58200BC6745 /* PBXTargetDependency */,
			);
			name = AppleWatchSyncAnimation;
			productName = AppleWatchSyncAnimation;
			productReference = 6FAC00502618E58200BC6745 /* AppleWatchSyncAnimation.app */;
			productType = "com.apple.product-type.application.watchapp2-container";
		};
		6FAC00532618E58200BC6745 /* AppleWatchSyncAnimation WatchKit App */ = {
			isa = PBXNativeTarget;
			buildConfigurationList = 6FAC00772618E58300BC6745 /* Build configuration list for PBXNativeTarget "AppleWatchSyncAnimation WatchKit App" */;
			buildPhases = (
				6FAC00522618E58200BC6745 /* Resources */,
				6FAC00762618E58300BC6745 /* Embed App Extensions */,
			);
			buildRules = (
			);
			dependencies = (
				6FAC00632618E58300BC6745 /* PBXTargetDependency */,
			);
			name = "AppleWatchSyncAnimation WatchKit App";
			productName = "AppleWatchSyncAnimation WatchKit App";
			productReference = 6FAC00542618E58200BC6745 /* AppleWatchSyncAnimation WatchKit App.app */;
			productType = "com.apple.product-type.application.watchapp2";
		};
		6FAC005F2618E58300BC6745 /* AppleWatchSyncAnimation WatchKit Extension */ = {
			isa = PBXNativeTarget;
			buildConfigurationList = 6FAC00732618E58300BC6745 /* Build configuration list for PBXNativeTarget "AppleWatchSyncAnimation WatchKit Extension" */;
			buildPhases = (
				6FAC005C2618E58300BC6745 /* Sources */,
				6FAC005D2618E58300BC6745 /* Frameworks */,
				6FAC005E2618E58300BC6745 /* Resources */,
			);
			buildRules = (
			);
			dependencies = (
			);
			name = "AppleWatchSyncAnimation WatchKit Extension";
			productName = "AppleWatchSyncAnimation WatchKit Extension";
			productReference = 6FAC00602618E58300BC6745 /* AppleWatchSyncAnimation WatchKit Extension.appex */;
			productType = "com.apple.product-type.watchkit2-extension";
		};
/* End PBXNativeTarget section */

/* Begin PBXProject section */
		6FAC004A2618E58200BC6745 /* Project object */ = {
			isa = PBXProject;
			attributes = {
				LastSwiftUpdateCheck = 1240;
				LastUpgradeCheck = 1240;
				TargetAttributes = {
					6FAC004F2618E58200BC6745 = {
						CreatedOnToolsVersion = 12.4;
					};
					6FAC00532618E58200BC6745 = {
						CreatedOnToolsVersion = 12.4;
					};
					6FAC005F2618E58300BC6745 = {
						CreatedOnToolsVersion = 12.4;
					};
				};
			};
			buildConfigurationList = 6FAC004D2618E58200BC6745 /* Build configuration list for PBXProject "AppleWatchSyncAnimation" */;
			compatibilityVersion = "Xcode 9.3";
			developmentRegion = en;
			hasScannedForEncodings = 0;
			knownRegions = (
				en,
				Base,
			);
			mainGroup = 6FAC00492618E58200BC6745;
			productRefGroup = 6FAC00512618E58200BC6745 /* Products */;
			projectDirPath = "";
			projectRoot = "";
			targets = (
				6FAC004F2618E58200BC6745 /* AppleWatchSyncAnimation */,
				6FAC00532618E58200BC6745 /* AppleWatchSyncAnimation WatchKit App */,
				6FAC005F2618E58300BC6745 /* AppleWatchSyncAnimation WatchKit Extension */,
			);
		};
/* End PBXProject section */

/* Begin PBXResourcesBuildPhase section */
		6FAC004E2618E58200BC6745 /* Resources */ = {
			isa = PBXResourcesBuildPhase;
			buildActionMask = 2147483647;
			files = (
			);
			runOnlyForDeploymentPostprocessing = 0;
		};
		6FAC00522618E58200BC6745 /* Resources */ = {
			isa = PBXResourcesBuildPhase;
			buildActionMask = 2147483647;
			files = (
				6FAC005A2618E58300BC6745 /* Assets.xcassets in Resources */,
			);
			runOnlyForDeploymentPostprocessing = 0;
		};
		6FAC005E2618E58300BC6745 /* Resources */ = {
			isa = PBXResourcesBuildPhase;
			buildActionMask = 2147483647;
			files = (
				6FAC006F2618E58300BC6745 /* Preview Assets.xcassets in Resources */,
				6FAC006C2618E58300BC6745 /* Assets.xcassets in Resources */,
			);
			runOnlyForDeploymentPostprocessing = 0;
		};
/* End PBXResourcesBuildPhase section */

/* Begin PBXSourcesBuildPhase section */
		6FAC005C2618E58300BC6745 /* Sources */ = {
			isa = PBXSourcesBuildPhase;
			buildActionMask = 2147483647;
			files = (
				6FAC00682618E58300BC6745 /* AppleWatchSyncAnimationApp.swift in Sources */,
				6FAC00662618E58300BC6745 /* ContentView.swift in Sources */,
				6FAC00822618E59E00BC6745 /* SyncProgressView.swift in Sources */,
				6FAC006A2618E58300BC6745 /* ComplicationController.swift in Sources */,
			);
			runOnlyForDeploymentPostprocessing = 0;
		};
/* End PBXSourcesBuildPhase section */

/* Begin PBXTargetDependency section */
		6FAC00572618E58200BC6745 /* PBXTargetDependency */ = {
			isa = PBXTargetDependency;
			target = 6FAC00532618E58200BC6745 /* AppleWatchSyncAnimation WatchKit App */;
			targetProxy = 6FAC00562618E58200BC6745 /* PBXContainerItemProxy */;
		};
		6FAC00632618E58300BC6745 /* PBXTargetDependency */ = {
			isa = PBXTargetDependency;
			target = 6FAC005F2618E58300BC6745 /* AppleWatchSyncAnimation WatchKit Extension */;
			targetProxy = 6FAC00622618E58300BC6745 /* PBXContainerItemProxy */;
		};
/* End PBXTargetDependency section */

/* Begin XCBuildConfiguration section */
		6FAC00712618E58300BC6745 /* Debug */ = {
			isa = XCBuildConfiguration;
			buildSettings = {
				ALWAYS_SEARCH_USER_PATHS = NO;
				CLANG_ANALYZER_NONNULL = YES;
				CLANG_ANALYZER_NUMBER_OBJECT_CONVERSION = YES_AGGRESSIVE;
				CLANG_CXX_LANGUAGE_STANDARD = "gnu++14";
				CLANG_CXX_LIBRARY = "libc++";
				CLANG_ENABLE_MODULES = YES;
				CLANG_ENABLE_OBJC_ARC = YES;
				CLANG_ENABLE_OBJC_WEAK = YES;
				CLANG_WARN_BLOCK_CAPTURE_AUTORELEASING = YES;
				CLANG_WARN_BOOL_CONVERSION = YES;
				CLANG_WARN_COMMA = YES;
				CLANG_WARN_CONSTANT_CONVERSION = YES;
				CLANG_WARN_DEPRECATED_OBJC_IMPLEMENTATIONS = YES;
				CLANG_WARN_DIRECT_OBJC_ISA_USAGE = YES_ERROR;
				CLANG_WARN_DOCUMENTATION_COMMENTS = YES;
				CLANG_WARN_EMPTY_BODY = YES;
				CLANG_WARN_ENUM_CONVERSION = YES;
				CLANG_WARN_INFINITE_RECURSION = YES;
				CLANG_WARN_INT_CONVERSION = YES;
				CLANG_WARN_NON_LITERAL_NULL_CONVERSION = YES;
				CLANG_WARN_OBJC_IMPLICIT_RETAIN_SELF = YES;
				CLANG_WARN_OBJC_LITERAL_CONVERSION = YES;
				CLANG_WARN_OBJC_ROOT_CLASS = YES_ERROR;
				CLANG_WARN_QUOTED_INCLUDE_IN_FRAMEWORK_HEADER = YES;
				CLANG_WARN_RANGE_LOOP_ANALYSIS = YES;
				CLANG_WARN_STRICT_PROTOTYPES = YES;
				CLANG_WARN_SUSPICIOUS_MOVE = YES;
				CLANG_WARN_UNGUARDED_AVAILABILITY = YES_AGGRESSIVE;
				CLANG_WARN_UNREACHABLE_CODE = YES;
				CLANG_WARN__DUPLICATE_METHOD_MATCH = YES;
				COPY_PHASE_STRIP = NO;
				DEBUG_INFORMATION_FORMAT = dwarf;
				ENABLE_STRICT_OBJC_MSGSEND = YES;
				ENABLE_TESTABILITY = YES;
				GCC_C_LANGUAGE_STANDARD = gnu11;
				GCC_DYNAMIC_NO_PIC = NO;
				GCC_NO_COMMON_BLOCKS = YES;
				GCC_OPTIMIZATION_LEVEL = 0;
				GCC_PREPROCESSOR_DEFINITIONS = (
					"DEBUG=1",
					"$(inherited)",
				);
				GCC_WARN_64_TO_32_BIT_CONVERSION = YES;
				GCC_WARN_ABOUT_RETURN_TYPE = YES_ERROR;
				GCC_WARN_UNDECLARED_SELECTOR = YES;
				GCC_WARN_UNINITIALIZED_AUTOS = YES_AGGRESSIVE;
				GCC_WARN_UNUSED_FUNCTION = YES;
				GCC_WARN_UNUSED_VARIABLE = YES;
				MTL_ENABLE_DEBUG_INFO = INCLUDE_SOURCE;
				MTL_FAST_MATH = YES;
				ONLY_ACTIVE_ARCH = YES;
				SDKROOT = iphoneos;
				SWIFT_ACTIVE_COMPILATION_CONDITIONS = DEBUG;
				SWIFT_OPTIMIZATION_LEVEL = "-Onone";
			};
			name = Debug;
		};
		6FAC00722618E58300BC6745 /* Release */ = {
			isa = XCBuildConfiguration;
			buildSettings = {
				ALWAYS_SEARCH_USER_PATHS = NO;
				CLANG_ANALYZER_NONNULL = YES;
				CLANG_ANALYZER_NUMBER_OBJECT_CONVERSION = YES_AGGRESSIVE;
				CLANG_CXX_LANGUAGE_STANDARD = "gnu++14";
				CLANG_CXX_LIBRARY = "libc++";
				CLANG_ENABLE_MODULES = YES;
				CLANG_ENABLE_OBJC_ARC = YES;
				CLANG_ENABLE_OBJC_WEAK = YES;
				CLANG_WARN_BLOCK_CAPTURE_AUTORELEASING = YES;
				CLANG_WARN_BOOL_CONVERSION = YES;
				CLANG_WARN_COMMA = YES;
				CLANG_WARN_CONSTANT_CONVERSION = YES;
				CLANG_WARN_DEPRECATED_OBJC_IMPLEMENTATIONS = YES;
				CLANG_WARN_DIRECT_OBJC_ISA_USAGE = YES_ERROR;
				CLANG_WARN_DOCUMENTATION_COMMENTS = YES;
				CLANG_WARN_EMPTY_BODY = YES;
				CLANG_WARN_ENUM_CONVERSION = YES;
				CLANG_WARN_INFINITE_RECURSION = YES;
				CLANG_WARN_INT_CONVERSION = YES;
				CLANG_WARN_NON_LITERAL_NULL_CONVERSION = YES;
				CLANG_WARN_OBJC_IMPLICIT_RETAIN_SELF = YES;
				CLANG_WARN_OBJC_LITERAL_CONVERSION = YES;
				CLANG_WARN_OBJC_ROOT_CLASS = YES_ERROR;
				CLANG_WARN_QUOTED_INCLUDE_IN_FRAMEWORK_HEADER = YES;
				CLANG_WARN_RANGE_LOOP_ANALYSIS = YES;
				CLANG_WARN_STRICT_PROTOTYPES = YES;
				CLANG_WARN_SUSPICIOUS_MOVE = YES;
				CLANG_WARN_UNGUARDED_AVAILABILITY = YES_AGGRESSIVE;
				CLANG_WARN_UNREACHABLE_CODE = YES;
				CLANG_WARN__DUPLICATE_METHOD_MATCH = YES;
				COPY_PHASE_STRIP = NO;
				DEBUG_INFORMATION_FORMAT = "dwarf-with-dsym";
				ENABLE_NS_ASSERTIONS = NO;
				ENABLE_STRICT_OBJC_MSGSEND = YES;
				GCC_C_LANGUAGE_STANDARD = gnu11;
				GCC_NO_COMMON_BLOCKS = YES;
				GCC_WARN_64_TO_32_BIT_CONVERSION = YES;
				GCC_WARN_ABOUT_RETURN_TYPE = YES_ERROR;
				GCC_WARN_UNDECLARED_SELECTOR = YES;
				GCC_WARN_UNINITIALIZED_AUTOS = YES_AGGRESSIVE;
				GCC_WARN_UNUSED_FUNCTION = YES;
				GCC_WARN_UNUSED_VARIABLE = YES;
				MTL_ENABLE_DEBUG_INFO = NO;
				MTL_FAST_MATH = YES;
				SDKROOT = iphoneos;
				SWIFT_COMPILATION_MODE = wholemodule;
				SWIFT_OPTIMIZATION_LEVEL = "-O";
				VALIDATE_PRODUCT = YES;
			};
			name = Release;
		};
		6FAC00742618E58300BC6745 /* Debug */ = {
			isa = XCBuildConfiguration;
			buildSettings = {
				ASSETCATALOG_COMPILER_COMPLICATION_NAME = Complication;
				CODE_SIGN_STYLE = Automatic;
				DEVELOPMENT_ASSET_PATHS = "\"AppleWatchSyncAnimation WatchKit Extension/Preview Content\"";
				DEVELOPMENT_TEAM = SGAHDZJZ9E;
				ENABLE_PREVIEWS = YES;
				INFOPLIST_FILE = "AppleWatchSyncAnimation WatchKit Extension/Info.plist";
				LD_RUNPATH_SEARCH_PATHS = (
					"$(inherited)",
					"@executable_path/Frameworks",
					"@executable_path/../../Frameworks",
				);
				PRODUCT_BUNDLE_IDENTIFIER = com.appindustries.AppleWatchSyncAnimation.watchkitapp.watchkitextension;
				PRODUCT_NAME = "${TARGET_NAME}";
				SDKROOT = watchos;
				SKIP_INSTALL = YES;
				SWIFT_VERSION = 5.0;
				TARGETED_DEVICE_FAMILY = 4;
				WATCHOS_DEPLOYMENT_TARGET = 7.2;
			};
			name = Debug;
		};
		6FAC00752618E58300BC6745 /* Release */ = {
			isa = XCBuildConfiguration;
			buildSettings = {
				ASSETCATALOG_COMPILER_COMPLICATION_NAME = Complication;
				CODE_SIGN_STYLE = Automatic;
				DEVELOPMENT_ASSET_PATHS = "\"AppleWatchSyncAnimation WatchKit Extension/Preview Content\"";
				DEVELOPMENT_TEAM = SGAHDZJZ9E;
				ENABLE_PREVIEWS = YES;
				INFOPLIST_FILE = "AppleWatchSyncAnimation WatchKit Extension/Info.plist";
				LD_RUNPATH_SEARCH_PATHS = (
					"$(inherited)",
					"@executable_path/Frameworks",
					"@executable_path/../../Frameworks",
				);
				PRODUCT_BUNDLE_IDENTIFIER = com.appindustries.AppleWatchSyncAnimation.watchkitapp.watchkitextension;
				PRODUCT_NAME = "${TARGET_NAME}";
				SDKROOT = watchos;
				SKIP_INSTALL = YES;
				SWIFT_VERSION = 5.0;
				TARGETED_DEVICE_FAMILY = 4;
				WATCHOS_DEPLOYMENT_TARGET = 7.2;
			};
			name = Release;
		};
		6FAC00782618E58300BC6745 /* Debug */ = {
			isa = XCBuildConfiguration;
			buildSettings = {
				ALWAYS_EMBED_SWIFT_STANDARD_LIBRARIES = YES;
				ASSETCATALOG_COMPILER_APPICON_NAME = AppIcon;
				ASSETCATALOG_COMPILER_GLOBAL_ACCENT_COLOR_NAME = AccentColor;
				CODE_SIGN_STYLE = Automatic;
				DEVELOPMENT_TEAM = SGAHDZJZ9E;
				IBSC_MODULE = AppleWatchSyncAnimation_WatchKit_Extension;
				INFOPLIST_FILE = "AppleWatchSyncAnimation WatchKit App/Info.plist";
				PRODUCT_BUNDLE_IDENTIFIER = com.appindustries.AppleWatchSyncAnimation.watchkitapp;
				PRODUCT_NAME = "$(TARGET_NAME)";
				SDKROOT = watchos;
				SKIP_INSTALL = YES;
				SWIFT_VERSION = 5.0;
				TARGETED_DEVICE_FAMILY = 4;
				WATCHOS_DEPLOYMENT_TARGET = 7.2;
			};
			name = Debug;
		};
		6FAC00792618E58300BC6745 /* Release */ = {
			isa = XCBuildConfiguration;
			buildSettings = {
				ALWAYS_EMBED_SWIFT_STANDARD_LIBRARIES = YES;
				ASSETCATALOG_COMPILER_APPICON_NAME = AppIcon;
				ASSETCATALOG_COMPILER_GLOBAL_ACCENT_COLOR_NAME = AccentColor;
				CODE_SIGN_STYLE = Automatic;
				DEVELOPMENT_TEAM = SGAHDZJZ9E;
				IBSC_MODULE = AppleWatchSyncAnimation_WatchKit_Extension;
				INFOPLIST_FILE = "AppleWatchSyncAnimation WatchKit App/Info.plist";
				PRODUCT_BUNDLE_IDENTIFIER = com.appindustries.AppleWatchSyncAnimation.watchkitapp;
				PRODUCT_NAME = "$(TARGET_NAME)";
				SDKROOT = watchos;
				SKIP_INSTALL = YES;
				SWIFT_VERSION = 5.0;
				TARGETED_DEVICE_FAMILY = 4;
				WATCHOS_DEPLOYMENT_TARGET = 7.2;
			};
			name = Release;
		};
		6FAC007C2618E58300BC6745 /* Debug */ = {
			isa = XCBuildConfiguration;
			buildSettings = {
				CODE_SIGN_STYLE = Automatic;
				CURRENT_PROJECT_VERSION = 1;
				DEVELOPMENT_TEAM = SGAHDZJZ9E;
				MARKETING_VERSION = 1.0;
				PRODUCT_BUNDLE_IDENTIFIER = com.appindustries.AppleWatchSyncAnimation;
				PRODUCT_NAME = "$(TARGET_NAME)";
				SWIFT_VERSION = 5.0;
			};
			name = Debug;
		};
		6FAC007D2618E58300BC6745 /* Release */ = {
			isa = XCBuildConfiguration;
			buildSettings = {
				CODE_SIGN_STYLE = Automatic;
				CURRENT_PROJECT_VERSION = 1;
				DEVELOPMENT_TEAM = SGAHDZJZ9E;
				MARKETING_VERSION = 1.0;
				PRODUCT_BUNDLE_IDENTIFIER = com.appindustries.AppleWatchSyncAnimation;
				PRODUCT_NAME = "$(TARGET_NAME)";
				SWIFT_VERSION = 5.0;
			};
			name = Release;
		};
/* End XCBuildConfiguration section */

/* Begin XCConfigurationList section */
		6FAC004D2618E58200BC6745 /* Build configuration list for PBXProject "AppleWatchSyncAnimation" */ = {
			isa = XCConfigurationList;
			buildConfigurations = (
				6FAC00712618E58300BC6745 /* Debug */,
				6FAC00722618E58300BC6745 /* Release */,
			);
			defaultConfigurationIsVisible = 0;
			defaultConfigurationName = Release;
		};
		6FAC00732618E58300BC6745 /* Build configuration list for PBXNativeTarget "AppleWatchSyncAnimation WatchKit Extension" */ = {
			isa = XCConfigurationList;
			buildConfigurations = (
				6FAC00742618E58300BC6745 /* Debug */,
				6FAC00752618E58300BC6745 /* Release */,
			);
			defaultConfigurationIsVisible = 0;
			defaultConfigurationName = Release;
		};
		6FAC00772618E58300BC6745 /* Build configuration list for PBXNativeTarget "AppleWatchSyncAnimation WatchKit App" */ = {
			isa = XCConfigurationList;
			buildConfigurations = (
				6FAC00782618E58300BC6745 /* Debug */,
				6FAC00792618E58300BC6745 /* Release */,
			);
			defaultConfigurationIsVisible = 0;
			defaultConfigurationName = Release;
		};
		6FAC007B2618E58300BC6745 /* Build configuration list for PBXNativeTarget "AppleWatchSyncAnimation" */ = {
			isa = XCConfigurationList;
			buildConfigurations = (
				6FAC007C2618E58300BC6745 /* Debug */,
				6FAC007D2618E58300BC6745 /* Release */,
			);
			defaultConfigurationIsVisible = 0;
			defaultConfigurationName = Release;
		};
/* End XCConfigurationList section */
	};
	rootObject = 6FAC004A2618E58200BC6745 /* Project object */;
}
